
Microsoft Visual Studio Solution File, Format Version 10.00
# Visual Studio 2008
Project("{FAE04EC0-301F-11D3-BF4B-00C04F79EFBC}") = "Navigator", "Navigator.csproj", "{234B0BC6-2952-4EE6-A8E2-DA9F485D6219}"
EndProject
Project("{FAE04EC0-301F-11D3-BF4B-00C04F79EFBC}") = "UtilityCore", "..\UtilityCore\UtilityCore.csproj", "{AEB6E54A-DCCC-4C77-A4B3-81580A945B0E}"
EndProject
Project("{FAE04EC0-301F-11D3-BF4B-00C04F79EFBC}") = "KeyCommandMapper", "..\KeyStringParser\KeyCommandMapper.csproj", "{C4CBE469-7AFB-44CD-91F6-EACB0A603CCF}"
EndProject
Project("{FAE04EC0-301F-11D3-BF4B-00C04F79EFBC}") = "VIControls.Commands", "VIControls.Commands\VIControls.Commands.csproj", "{8AC5CCF8-F205-414E-A658-E3672EC8E134}"
EndProject
Global
	GlobalSection(SolutionConfigurationPlatforms) = preSolution
		Debug|Any CPU = Debug|Any CPU
		Release|Any CPU = Release|Any CPU
	EndGlobalSection
	GlobalSection(ProjectConfigurationPlatforms) = postSolution
		{234B0BC6-2952-4EE6-A8E2-DA9F485D6219}.Debug|Any CPU.ActiveCfg = Debug|Any CPU
		{234B0BC6-2952-4EE6-A8E2-DA9F485D6219}.Debug|Any CPU.Build.0 = Debug|Any CPU
		{234B0BC6-2952-4EE6-A8E2-DA9F485D6219}.Release|Any CPU.ActiveCfg = Release|Any CPU
		{234B0BC6-2952-4EE6-A8E2-DA9F485D6219}.Release|Any CPU.Build.0 = Release|Any CPU
		{AEB6E54A-DCCC-4C77-A4B3-81580A945B0E}.Debug|Any CPU.ActiveCfg = Debug|Any CPU
		{AEB6E54A-DCCC-4C77-A4B3-81580A945B0E}.Debug|Any CPU.Build.0 = Debug|Any CPU
		{AEB6E54A-DCCC-4C77-A4B3-81580A945B0E}.Release|Any CPU.ActiveCfg = Release|Any CPU
		{AEB6E54A-DCCC-4C77-A4B3-81580A945B0E}.Release|Any CPU.Build.0 = Release|Any CPU
		{C4CBE469-7AFB-44CD-91F6-EACB0A603CCF}.Debug|Any CPU.ActiveCfg = Debug|Any CPU
		{C4CBE469-7AFB-44CD-91F6-EACB0A603CCF}.Debug|Any CPU.Build.0 = Debug|Any CPU
		{C4CBE469-7AFB-44CD-91F6-EACB0A603CCF}.Release|Any CPU.ActiveCfg = Release|Any CPU
		{C4CBE469-7AFB-44CD-91F6-EACB0A603CCF}.Release|Any CPU.Build.0 = Release|Any CPU
		{8AC5CCF8-F205-414E-A658-E3672EC8E134}.Debug|Any CPU.ActiveCfg = Debug|Any CPU
		{8AC5CCF8-F205-414E-A658-E3672EC8E134}.Debug|Any CPU.Build.0 = Debug|Any CPU
		{8AC5CCF8-F205-414E-A658-E3672EC8E134}.Release|Any CPU.ActiveCfg = Release|Any CPU
		{8AC5CCF8-F205-414E-A658-E3672EC8E134}.Release|Any CPU.Build.0 = Release|Any CPU
	EndGlobalSection
	GlobalSection(SolutionProperties) = preSolution
		HideSolutionNode = FALSE
	EndGlobalSection
EndGlobal
