
Microsoft Visual Studio Solution File, Format Version 10.00
# Visual Studio 2008
Project("{FAE04EC0-301F-11D3-BF4B-00C04F79EFBC}") = "KeyboardProcessor", "KeyboardProcessor.csproj", "{C0405773-4E00-4FDD-8CB7-E0AAAED77187}"
EndProject
Project("{FAE04EC0-301F-11D3-BF4B-00C04F79EFBC}") = "UtilityCore", "..\..\UtilityCore\UtilityCore.csproj", "{AEB6E54A-DCCC-4C77-A4B3-81580A945B0E}"
EndProject
Project("{FAE04EC0-301F-11D3-BF4B-00C04F79EFBC}") = "KeyCommandMapper", "..\..\KeyStringParser\KeyCommandMapper.csproj", "{C4CBE469-7AFB-44CD-91F6-EACB0A603CCF}"
EndProject
Project("{FAE04EC0-301F-11D3-BF4B-00C04F79EFBC}") = "ActionDictionary", "..\..\ActionDictionary\ActionDictionary.csproj", "{648E5886-432C-4075-A0AB-0C8623B66E77}"
EndProject
Project("{FAE04EC0-301F-11D3-BF4B-00C04F79EFBC}") = "DataProcessors", "..\..\DataProcessors\DataProcessors.csproj", "{782DA14A-C998-4922-B02E-0B135327AFBC}"
EndProject
Project("{FAE04EC0-301F-11D3-BF4B-00C04F79EFBC}") = "AppViewer", "..\AppViewer\AppViewer.csproj", "{B70D2126-34CB-46D7-9A9B-F05AD31E40A9}"
EndProject
Project("{FAE04EC0-301F-11D3-BF4B-00C04F79EFBC}") = "AppControlInterfaces", "..\..\AppControlInterfaces\AppControlInterfaces.csproj", "{9EEEB720-2EFC-4D7B-880E-E3891305F076}"
EndProject
Project("{FAE04EC0-301F-11D3-BF4B-00C04F79EFBC}") = "NodeMessaging", "..\..\NodeMessaging\NodeMessaging.csproj", "{90F0FEE6-BD0D-40CD-BB64-937FFB735233}"
EndProject
Project("{FAE04EC0-301F-11D3-BF4B-00C04F79EFBC}") = "UITemplateViewer", "..\UITemplateViewer\UITemplateViewer.csproj", "{0B843D6B-CC5A-4CAD-9FE7-8BFAA76580DA}"
EndProject
Project("{FAE04EC0-301F-11D3-BF4B-00C04F79EFBC}") = "PathContainer", "..\PathContainer\PathContainer.csproj", "{D152993A-0308-4CFD-ABA5-D212007F5B80}"
EndProject
Project("{FAE04EC0-301F-11D3-BF4B-00C04F79EFBC}") = "ModelBuilder3D", "..\..\ModelBuilder3D\ModelBuilder3D.csproj", "{F924D27C-6A13-4A6D-9A54-E794919D647F}"
EndProject
Project("{FAE04EC0-301F-11D3-BF4B-00C04F79EFBC}") = "Parser", "..\..\Parser\Parser.csproj", "{1C34769A-9F7B-4C95-A418-02BB46139EA3}"
EndProject
Global
	GlobalSection(SolutionConfigurationPlatforms) = preSolution
		Debug|Any CPU = Debug|Any CPU
		Release|Any CPU = Release|Any CPU
	EndGlobalSection
	GlobalSection(ProjectConfigurationPlatforms) = postSolution
		{C0405773-4E00-4FDD-8CB7-E0AAAED77187}.Debug|Any CPU.ActiveCfg = Debug|Any CPU
		{C0405773-4E00-4FDD-8CB7-E0AAAED77187}.Debug|Any CPU.Build.0 = Debug|Any CPU
		{C0405773-4E00-4FDD-8CB7-E0AAAED77187}.Release|Any CPU.ActiveCfg = Release|Any CPU
		{C0405773-4E00-4FDD-8CB7-E0AAAED77187}.Release|Any CPU.Build.0 = Release|Any CPU
		{AEB6E54A-DCCC-4C77-A4B3-81580A945B0E}.Debug|Any CPU.ActiveCfg = Debug|Any CPU
		{AEB6E54A-DCCC-4C77-A4B3-81580A945B0E}.Debug|Any CPU.Build.0 = Debug|Any CPU
		{AEB6E54A-DCCC-4C77-A4B3-81580A945B0E}.Release|Any CPU.ActiveCfg = Release|Any CPU
		{AEB6E54A-DCCC-4C77-A4B3-81580A945B0E}.Release|Any CPU.Build.0 = Release|Any CPU
		{C4CBE469-7AFB-44CD-91F6-EACB0A603CCF}.Debug|Any CPU.ActiveCfg = Debug|Any CPU
		{C4CBE469-7AFB-44CD-91F6-EACB0A603CCF}.Debug|Any CPU.Build.0 = Debug|Any CPU
		{C4CBE469-7AFB-44CD-91F6-EACB0A603CCF}.Release|Any CPU.ActiveCfg = Release|Any CPU
		{C4CBE469-7AFB-44CD-91F6-EACB0A603CCF}.Release|Any CPU.Build.0 = Release|Any CPU
		{648E5886-432C-4075-A0AB-0C8623B66E77}.Debug|Any CPU.ActiveCfg = Debug|Any CPU
		{648E5886-432C-4075-A0AB-0C8623B66E77}.Debug|Any CPU.Build.0 = Debug|Any CPU
		{648E5886-432C-4075-A0AB-0C8623B66E77}.Release|Any CPU.ActiveCfg = Release|Any CPU
		{648E5886-432C-4075-A0AB-0C8623B66E77}.Release|Any CPU.Build.0 = Release|Any CPU
		{782DA14A-C998-4922-B02E-0B135327AFBC}.Debug|Any CPU.ActiveCfg = Debug|Any CPU
		{782DA14A-C998-4922-B02E-0B135327AFBC}.Debug|Any CPU.Build.0 = Debug|Any CPU
		{782DA14A-C998-4922-B02E-0B135327AFBC}.Release|Any CPU.ActiveCfg = Release|Any CPU
		{782DA14A-C998-4922-B02E-0B135327AFBC}.Release|Any CPU.Build.0 = Release|Any CPU
		{B70D2126-34CB-46D7-9A9B-F05AD31E40A9}.Debug|Any CPU.ActiveCfg = Debug|Any CPU
		{B70D2126-34CB-46D7-9A9B-F05AD31E40A9}.Debug|Any CPU.Build.0 = Debug|Any CPU
		{B70D2126-34CB-46D7-9A9B-F05AD31E40A9}.Release|Any CPU.ActiveCfg = Release|Any CPU
		{B70D2126-34CB-46D7-9A9B-F05AD31E40A9}.Release|Any CPU.Build.0 = Release|Any CPU
		{9EEEB720-2EFC-4D7B-880E-E3891305F076}.Debug|Any CPU.ActiveCfg = Debug|Any CPU
		{9EEEB720-2EFC-4D7B-880E-E3891305F076}.Debug|Any CPU.Build.0 = Debug|Any CPU
		{9EEEB720-2EFC-4D7B-880E-E3891305F076}.Release|Any CPU.ActiveCfg = Release|Any CPU
		{9EEEB720-2EFC-4D7B-880E-E3891305F076}.Release|Any CPU.Build.0 = Release|Any CPU
		{90F0FEE6-BD0D-40CD-BB64-937FFB735233}.Debug|Any CPU.ActiveCfg = Debug|Any CPU
		{90F0FEE6-BD0D-40CD-BB64-937FFB735233}.Debug|Any CPU.Build.0 = Debug|Any CPU
		{90F0FEE6-BD0D-40CD-BB64-937FFB735233}.Release|Any CPU.ActiveCfg = Release|Any CPU
		{90F0FEE6-BD0D-40CD-BB64-937FFB735233}.Release|Any CPU.Build.0 = Release|Any CPU
		{0B843D6B-CC5A-4CAD-9FE7-8BFAA76580DA}.Debug|Any CPU.ActiveCfg = Debug|Any CPU
		{0B843D6B-CC5A-4CAD-9FE7-8BFAA76580DA}.Debug|Any CPU.Build.0 = Debug|Any CPU
		{0B843D6B-CC5A-4CAD-9FE7-8BFAA76580DA}.Release|Any CPU.ActiveCfg = Release|Any CPU
		{0B843D6B-CC5A-4CAD-9FE7-8BFAA76580DA}.Release|Any CPU.Build.0 = Release|Any CPU
		{D152993A-0308-4CFD-ABA5-D212007F5B80}.Debug|Any CPU.ActiveCfg = Debug|Any CPU
		{D152993A-0308-4CFD-ABA5-D212007F5B80}.Debug|Any CPU.Build.0 = Debug|Any CPU
		{D152993A-0308-4CFD-ABA5-D212007F5B80}.Release|Any CPU.ActiveCfg = Release|Any CPU
		{D152993A-0308-4CFD-ABA5-D212007F5B80}.Release|Any CPU.Build.0 = Release|Any CPU
		{F924D27C-6A13-4A6D-9A54-E794919D647F}.Debug|Any CPU.ActiveCfg = Debug|Any CPU
		{F924D27C-6A13-4A6D-9A54-E794919D647F}.Debug|Any CPU.Build.0 = Debug|Any CPU
		{F924D27C-6A13-4A6D-9A54-E794919D647F}.Release|Any CPU.ActiveCfg = Release|Any CPU
		{F924D27C-6A13-4A6D-9A54-E794919D647F}.Release|Any CPU.Build.0 = Release|Any CPU
		{1C34769A-9F7B-4C95-A418-02BB46139EA3}.Debug|Any CPU.ActiveCfg = Debug|Any CPU
		{1C34769A-9F7B-4C95-A418-02BB46139EA3}.Debug|Any CPU.Build.0 = Debug|Any CPU
		{1C34769A-9F7B-4C95-A418-02BB46139EA3}.Release|Any CPU.ActiveCfg = Release|Any CPU
		{1C34769A-9F7B-4C95-A418-02BB46139EA3}.Release|Any CPU.Build.0 = Release|Any CPU
	EndGlobalSection
	GlobalSection(SolutionProperties) = preSolution
		HideSolutionNode = FALSE
	EndGlobalSection
EndGlobal
